// !$*UTF8*$!
{
	archiveVersion = 1;
	classes = {
	};
	objectVersion = 56;
	objects = {

/* Begin PBXBuildFile section */
		739FEEC32DA9462B003D9EEB /* BackupBoosterApp.swift in Sources */ = {isa = PBXBuildFile; fileRef = 739FEEC22DA9462B003D9EEB /* BackupBoosterApp.swift */; };
		739FEEC52DA9462B003D9EEB /* ContentView.swift in Sources */ = {isa = PBXBuildFile; fileRef = 739FEEC42DA9462B003D9EEB /* ContentView.swift */; };
		739FEECC2DA9462E003D9EEB /* Persistence.swift in Sources */ = {isa = PBXBuildFile; fileRef = 739FEECB2DA9462E003D9EEB /* Persistence.swift */; };
		739FEECF2DA9462E003D9EEB /* BackupBooster.xcdatamodeld in Sources */ = {isa = PBXBuildFile; fileRef = 739FEECD2DA9462E003D9EEB /* BackupBooster.xcdatamodeld */; };
		739FEEDA2DA9462F003D9EEB /* BackupBoosterTests.swift in Sources */ = {isa = PBXBuildFile; fileRef = 739FEED92DA9462F003D9EEB /* BackupBoosterTests.swift */; };
		739FEEE42DA9462F003D9EEB /* BackupBoosterUITests.swift in Sources */ = {isa = PBXBuildFile; fileRef = 739FEEE32DA9462F003D9EEB /* BackupBoosterUITests.swift */; };
		739FEEE62DA9462F003D9EEB /* BackupBoosterUITestsLaunchTests.swift in Sources */ = {isa = PBXBuildFile; fileRef = 739FEEE52DA9462F003D9EEB /* BackupBoosterUITestsLaunchTests.swift */; };
		739FEEFD2DA954C1003D9EEB /* AppDelegate.swift in Sources */ = {isa = PBXBuildFile; fileRef = 739FEEFC2DA954C1003D9EEB /* AppDelegate.swift */; };
		739FEEFF2DA95D5D003D9EEB /* SettingsView.swift in Sources */ = {isa = PBXBuildFile; fileRef = 739FEEFE2DA95D5D003D9EEB /* SettingsView.swift */; };
		739FEF012DA960EE003D9EEB /* MainView.swift in Sources */ = {isa = PBXBuildFile; fileRef = 739FEF002DA960EE003D9EEB /* MainView.swift */; };
		739FEF252DA9CDB5003D9EEB /* BackupBooster.5m.sh in CopyFiles */ = {isa = PBXBuildFile; fileRef = 739FEF232DA9CC8C003D9EEB /* BackupBooster.5m.sh */; settings = {ATTRIBUTES = (CodeSignOnCopy, ); }; };
		739FEF262DA9CDB5003D9EEB /* de.markustratschitt.backupbooster.plist in CopyFiles */ = {isa = PBXBuildFile; fileRef = 739FEF212DA9CC6B003D9EEB /* de.markustratschitt.backupbooster.plist */; settings = {ATTRIBUTES = (CodeSignOnCopy, ); }; };
		739FEF272DA9CDB5003D9EEB /* config.conf in CopyFiles */ = {isa = PBXBuildFile; fileRef = 739FEF1F2DA9CC41003D9EEB /* config.conf */; settings = {ATTRIBUTES = (CodeSignOnCopy, ); }; };
		739FEF282DA9CDB5003D9EEB /* BackupBooster.sh in CopyFiles */ = {isa = PBXBuildFile; fileRef = 739FEF0F2DA9CC18003D9EEB /* BackupBooster.sh */; settings = {ATTRIBUTES = (CodeSignOnCopy, ); }; };
		739FEF292DA9CDB5003D9EEB /* clean-old-backups.sh in CopyFiles */ = {isa = PBXBuildFile; fileRef = 739FEF112DA9CC18003D9EEB /* clean-old-backups.sh */; settings = {ATTRIBUTES = (CodeSignOnCopy, ); }; };
		739FEF2A2DA9CDB5003D9EEB /* clear-log.sh in CopyFiles */ = {isa = PBXBuildFile; fileRef = 739FEF0C2DA9CC17003D9EEB /* clear-log.sh */; settings = {ATTRIBUTES = (CodeSignOnCopy, ); }; };
		739FEF2B2DA9CDB5003D9EEB /* delete-single-backup.sh in CopyFiles */ = {isa = PBXBuildFile; fileRef = 739FEF0B2DA9CC17003D9EEB /* delete-single-backup.sh */; settings = {ATTRIBUTES = (CodeSignOnCopy, ); }; };
		739FEF2C2DA9CDB5003D9EEB /* enable-spotlight.sh in CopyFiles */ = {isa = PBXBuildFile; fileRef = 739FEF0A2DA9CC17003D9EEB /* enable-spotlight.sh */; settings = {ATTRIBUTES = (CodeSignOnCopy, ); }; };
		739FEF2D2DA9CDB5003D9EEB /* latest-backup.sh in CopyFiles */ = {isa = PBXBuildFile; fileRef = 739FEF052DA9CC17003D9EEB /* latest-backup.sh */; settings = {ATTRIBUTES = (CodeSignOnCopy, ); }; };
		739FEF2E2DA9CDB5003D9EEB /* open-log.sh in CopyFiles */ = {isa = PBXBuildFile; fileRef = 739FEF082DA9CC17003D9EEB /* open-log.sh */; settings = {ATTRIBUTES = (CodeSignOnCopy, ); }; };
		739FEF2F2DA9CDB5003D9EEB /* pause-backup.sh in CopyFiles */ = {isa = PBXBuildFile; fileRef = 739FEF0D2DA9CC17003D9EEB /* pause-backup.sh */; settings = {ATTRIBUTES = (CodeSignOnCopy, ); }; };
		739FEF302DA9CDB5003D9EEB /* reset-throttle.sh in CopyFiles */ = {isa = PBXBuildFile; fileRef = 739FEF092DA9CC17003D9EEB /* reset-throttle.sh */; settings = {ATTRIBUTES = (CodeSignOnCopy, ); }; };
		739FEF312DA9CDB5003D9EEB /* show-status.sh in CopyFiles */ = {isa = PBXBuildFile; fileRef = 739FEF072DA9CC17003D9EEB /* show-status.sh */; settings = {ATTRIBUTES = (CodeSignOnCopy, ); }; };
		739FEF322DA9CDB5003D9EEB /* skip-backup.sh in CopyFiles */ = {isa = PBXBuildFile; fileRef = 739FEF102DA9CC18003D9EEB /* skip-backup.sh */; settings = {ATTRIBUTES = (CodeSignOnCopy, ); }; };
		739FEF332DA9CDB5003D9EEB /* start-backup.sh in CopyFiles */ = {isa = PBXBuildFile; fileRef = 739FEF062DA9CC17003D9EEB /* start-backup.sh */; settings = {ATTRIBUTES = (CodeSignOnCopy, ); }; };
		739FEF342DA9CDB5003D9EEB /* stop-backup.sh in CopyFiles */ = {isa = PBXBuildFile; fileRef = 739FEF0E2DA9CC17003D9EEB /* stop-backup.sh */; settings = {ATTRIBUTES = (CodeSignOnCopy, ); }; };
		739FEF3D2DA9CF82003D9EEB /* config in Resources */ = {isa = PBXBuildFile; fileRef = 739FEEF42DA94B86003D9EEB /* config */; };
		739FEF3E2DA9CF82003D9EEB /* LaunchAgent in Resources */ = {isa = PBXBuildFile; fileRef = 739FEEF62DA94B86003D9EEB /* LaunchAgent */; };
		739FEF3F2DA9CF82003D9EEB /* Plugins in Resources */ = {isa = PBXBuildFile; fileRef = 739FEEF72DA94B86003D9EEB /* Plugins */; };
		739FEF402DA9CF82003D9EEB /* Scripts in Resources */ = {isa = PBXBuildFile; fileRef = 739FEEF52DA94B86003D9EEB /* Scripts */; };
/* End PBXBuildFile section */

/* Begin PBXContainerItemProxy section */
		739FEED62DA9462F003D9EEB /* PBXContainerItemProxy */ = {
			isa = PBXContainerItemProxy;
			containerPortal = 739FEEB72DA9462B003D9EEB /* Project object */;
			proxyType = 1;
			remoteGlobalIDString = 739FEEBE2DA9462B003D9EEB;
			remoteInfo = "Backup Booster";
		};
		739FEEE02DA9462F003D9EEB /* PBXContainerItemProxy */ = {
			isa = PBXContainerItemProxy;
			containerPortal = 739FEEB72DA9462B003D9EEB /* Project object */;
			proxyType = 1;
			remoteGlobalIDString = 739FEEBE2DA9462B003D9EEB;
			remoteInfo = "Backup Booster";
		};
/* End PBXContainerItemProxy section */

/* Begin PBXCopyFilesBuildPhase section */
		739FEF022DA9B9AF003D9EEB /* CopyFiles */ = {
			isa = PBXCopyFilesBuildPhase;
			buildActionMask = 2147483647;
			dstPath = "";
			dstSubfolderSpec = 7;
			files = (
				739FEF252DA9CDB5003D9EEB /* BackupBooster.5m.sh in CopyFiles */,
				739FEF262DA9CDB5003D9EEB /* de.markustratschitt.backupbooster.plist in CopyFiles */,
				739FEF272DA9CDB5003D9EEB /* config.conf in CopyFiles */,
				739FEF282DA9CDB5003D9EEB /* BackupBooster.sh in CopyFiles */,
				739FEF292DA9CDB5003D9EEB /* clean-old-backups.sh in CopyFiles */,
				739FEF2A2DA9CDB5003D9EEB /* clear-log.sh in CopyFiles */,
				739FEF2B2DA9CDB5003D9EEB /* delete-single-backup.sh in CopyFiles */,
				739FEF2C2DA9CDB5003D9EEB /* enable-spotlight.sh in CopyFiles */,
				739FEF2D2DA9CDB5003D9EEB /* latest-backup.sh in CopyFiles */,
				739FEF2E2DA9CDB5003D9EEB /* open-log.sh in CopyFiles */,
				739FEF2F2DA9CDB5003D9EEB /* pause-backup.sh in CopyFiles */,
				739FEF302DA9CDB5003D9EEB /* reset-throttle.sh in CopyFiles */,
				739FEF312DA9CDB5003D9EEB /* show-status.sh in CopyFiles */,
				739FEF322DA9CDB5003D9EEB /* skip-backup.sh in CopyFiles */,
				739FEF332DA9CDB5003D9EEB /* start-backup.sh in CopyFiles */,
				739FEF342DA9CDB5003D9EEB /* stop-backup.sh in CopyFiles */,
			);
			runOnlyForDeploymentPostprocessing = 0;
		};
/* End PBXCopyFilesBuildPhase section */

/* Begin PBXFileReference section */
		739FEEBF2DA9462B003D9EEB /* BackupBooster.app */ = {isa = PBXFileReference; explicitFileType = wrapper.application; includeInIndex = 0; path = BackupBooster.app; sourceTree = BUILT_PRODUCTS_DIR; };
		739FEEC22DA9462B003D9EEB /* BackupBoosterApp.swift */ = {isa = PBXFileReference; lastKnownFileType = sourcecode.swift; path = BackupBoosterApp.swift; sourceTree = "<group>"; };
		739FEEC42DA9462B003D9EEB /* ContentView.swift */ = {isa = PBXFileReference; lastKnownFileType = sourcecode.swift; path = ContentView.swift; sourceTree = "<group>"; };
		739FEEC62DA9462E003D9EEB /* Assets.xcassets */ = {isa = PBXFileReference; lastKnownFileType = folder.assetcatalog; path = Assets.xcassets; sourceTree = "<group>"; };
		739FEEC92DA9462E003D9EEB /* Preview Assets.xcassets */ = {isa = PBXFileReference; lastKnownFileType = folder.assetcatalog; path = "Preview Assets.xcassets"; sourceTree = "<group>"; };
		739FEECB2DA9462E003D9EEB /* Persistence.swift */ = {isa = PBXFileReference; lastKnownFileType = sourcecode.swift; path = Persistence.swift; sourceTree = "<group>"; };
		739FEECE2DA9462E003D9EEB /* Backup_Booster.xcdatamodel */ = {isa = PBXFileReference; lastKnownFileType = wrapper.xcdatamodel; path = Backup_Booster.xcdatamodel; sourceTree = "<group>"; };
		739FEED02DA9462E003D9EEB /* BackupBooster.entitlements */ = {isa = PBXFileReference; lastKnownFileType = text.plist.entitlements; path = BackupBooster.entitlements; sourceTree = "<group>"; };
		739FEED52DA9462F003D9EEB /* BackupBoosterTests.xctest */ = {isa = PBXFileReference; explicitFileType = wrapper.cfbundle; includeInIndex = 0; path = BackupBoosterTests.xctest; sourceTree = BUILT_PRODUCTS_DIR; };
		739FEED92DA9462F003D9EEB /* BackupBoosterTests.swift */ = {isa = PBXFileReference; lastKnownFileType = sourcecode.swift; path = BackupBoosterTests.swift; sourceTree = "<group>"; };
		739FEEDF2DA9462F003D9EEB /* BackupBoosterUITests.xctest */ = {isa = PBXFileReference; explicitFileType = wrapper.cfbundle; includeInIndex = 0; path = BackupBoosterUITests.xctest; sourceTree = BUILT_PRODUCTS_DIR; };
		739FEEE32DA9462F003D9EEB /* BackupBoosterUITests.swift */ = {isa = PBXFileReference; lastKnownFileType = sourcecode.swift; path = BackupBoosterUITests.swift; sourceTree = "<group>"; };
		739FEEE52DA9462F003D9EEB /* BackupBoosterUITestsLaunchTests.swift */ = {isa = PBXFileReference; lastKnownFileType = sourcecode.swift; path = BackupBoosterUITestsLaunchTests.swift; sourceTree = "<group>"; };
		739FEEF42DA94B86003D9EEB /* config */ = {isa = PBXFileReference; fileEncoding = 4; lastKnownFileType = text; path = config; sourceTree = SOURCE_ROOT; };
		739FEEF52DA94B86003D9EEB /* Scripts */ = {isa = PBXFileReference; fileEncoding = 4; lastKnownFileType = text; path = Scripts; sourceTree = SOURCE_ROOT; };
		739FEEF62DA94B86003D9EEB /* LaunchAgent */ = {isa = PBXFileReference; fileEncoding = 4; lastKnownFileType = text; path = LaunchAgent; sourceTree = SOURCE_ROOT; };
		739FEEF72DA94B86003D9EEB /* Plugins */ = {isa = PBXFileReference; fileEncoding = 4; lastKnownFileType = text; path = Plugins; sourceTree = SOURCE_ROOT; };
		739FEEFC2DA954C1003D9EEB /* AppDelegate.swift */ = {isa = PBXFileReference; lastKnownFileType = sourcecode.swift; path = AppDelegate.swift; sourceTree = "<group>"; };
		739FEEFE2DA95D5D003D9EEB /* SettingsView.swift */ = {isa = PBXFileReference; lastKnownFileType = sourcecode.swift; path = SettingsView.swift; sourceTree = "<group>"; };
		739FEF002DA960EE003D9EEB /* MainView.swift */ = {isa = PBXFileReference; lastKnownFileType = sourcecode.swift; path = MainView.swift; sourceTree = "<group>"; };
		739FEF042DA9BC1B003D9EEB /* Info.plist */ = {isa = PBXFileReference; lastKnownFileType = text.plist; path = Info.plist; sourceTree = "<group>"; };
		739FEF052DA9CC17003D9EEB /* latest-backup.sh */ = {isa = PBXFileReference; lastKnownFileType = text.script.sh; name = "latest-backup.sh"; path = "Scripts/latest-backup.sh"; sourceTree = "<group>"; };
		739FEF062DA9CC17003D9EEB /* start-backup.sh */ = {isa = PBXFileReference; lastKnownFileType = text.script.sh; name = "start-backup.sh"; path = "Scripts/start-backup.sh"; sourceTree = "<group>"; };
		739FEF072DA9CC17003D9EEB /* show-status.sh */ = {isa = PBXFileReference; lastKnownFileType = text.script.sh; name = "show-status.sh"; path = "Scripts/show-status.sh"; sourceTree = "<group>"; };
		739FEF082DA9CC17003D9EEB /* open-log.sh */ = {isa = PBXFileReference; lastKnownFileType = text.script.sh; name = "open-log.sh"; path = "Scripts/open-log.sh"; sourceTree = "<group>"; };
		739FEF092DA9CC17003D9EEB /* reset-throttle.sh */ = {isa = PBXFileReference; lastKnownFileType = text.script.sh; name = "reset-throttle.sh"; path = "Scripts/reset-throttle.sh"; sourceTree = "<group>"; };
		739FEF0A2DA9CC17003D9EEB /* enable-spotlight.sh */ = {isa = PBXFileReference; lastKnownFileType = text.script.sh; name = "enable-spotlight.sh"; path = "Scripts/enable-spotlight.sh"; sourceTree = "<group>"; };
		739FEF0B2DA9CC17003D9EEB /* delete-single-backup.sh */ = {isa = PBXFileReference; lastKnownFileType = text.script.sh; name = "delete-single-backup.sh"; path = "Scripts/delete-single-backup.sh"; sourceTree = "<group>"; };
		739FEF0C2DA9CC17003D9EEB /* clear-log.sh */ = {isa = PBXFileReference; lastKnownFileType = text.script.sh; name = "clear-log.sh"; path = "Scripts/clear-log.sh"; sourceTree = "<group>"; };
		739FEF0D2DA9CC17003D9EEB /* pause-backup.sh */ = {isa = PBXFileReference; lastKnownFileType = text.script.sh; name = "pause-backup.sh"; path = "Scripts/pause-backup.sh"; sourceTree = "<group>"; };
		739FEF0E2DA9CC17003D9EEB /* stop-backup.sh */ = {isa = PBXFileReference; lastKnownFileType = text.script.sh; name = "stop-backup.sh"; path = "Scripts/stop-backup.sh"; sourceTree = "<group>"; };
		739FEF0F2DA9CC18003D9EEB /* BackupBooster.sh */ = {isa = PBXFileReference; lastKnownFileType = text.script.sh; name = BackupBooster.sh; path = Scripts/BackupBooster.sh; sourceTree = "<group>"; };
		739FEF102DA9CC18003D9EEB /* skip-backup.sh */ = {isa = PBXFileReference; lastKnownFileType = text.script.sh; name = "skip-backup.sh"; path = "Scripts/skip-backup.sh"; sourceTree = "<group>"; };
		739FEF112DA9CC18003D9EEB /* clean-old-backups.sh */ = {isa = PBXFileReference; lastKnownFileType = text.script.sh; name = "clean-old-backups.sh"; path = "Scripts/clean-old-backups.sh"; sourceTree = "<group>"; };
		739FEF1F2DA9CC41003D9EEB /* config.conf */ = {isa = PBXFileReference; lastKnownFileType = text; name = config.conf; path = config/config.conf; sourceTree = "<group>"; };
		739FEF212DA9CC6B003D9EEB /* de.markustratschitt.backupbooster.plist */ = {isa = PBXFileReference; lastKnownFileType = text.plist.xml; name = de.markustratschitt.backupbooster.plist; path = LaunchAgent/de.markustratschitt.backupbooster.plist; sourceTree = "<group>"; };
		739FEF232DA9CC8C003D9EEB /* BackupBooster.5m.sh */ = {isa = PBXFileReference; lastKnownFileType = text.script.sh; name = BackupBooster.5m.sh; path = Plugins/BackupBooster.5m.sh; sourceTree = "<group>"; };
/* End PBXFileReference section */

/* Begin PBXFrameworksBuildPhase section */
		739FEEBC2DA9462B003D9EEB /* Frameworks */ = {
			isa = PBXFrameworksBuildPhase;
			buildActionMask = 2147483647;
			files = (
			);
			runOnlyForDeploymentPostprocessing = 0;
		};
		739FEED22DA9462F003D9EEB /* Frameworks */ = {
			isa = PBXFrameworksBuildPhase;
			buildActionMask = 2147483647;
			files = (
			);
			runOnlyForDeploymentPostprocessing = 0;
		};
		739FEEDC2DA9462F003D9EEB /* Frameworks */ = {
			isa = PBXFrameworksBuildPhase;
			buildActionMask = 2147483647;
			files = (
			);
			runOnlyForDeploymentPostprocessing = 0;
		};
/* End PBXFrameworksBuildPhase section */

/* Begin PBXGroup section */
		739FEEB62DA9462B003D9EEB = {
			isa = PBXGroup;
			children = (
				739FEF232DA9CC8C003D9EEB /* BackupBooster.5m.sh */,
				739FEF212DA9CC6B003D9EEB /* de.markustratschitt.backupbooster.plist */,
				739FEF1F2DA9CC41003D9EEB /* config.conf */,
				739FEF0F2DA9CC18003D9EEB /* BackupBooster.sh */,
				739FEF112DA9CC18003D9EEB /* clean-old-backups.sh */,
				739FEF0C2DA9CC17003D9EEB /* clear-log.sh */,
				739FEF0B2DA9CC17003D9EEB /* delete-single-backup.sh */,
				739FEF0A2DA9CC17003D9EEB /* enable-spotlight.sh */,
				739FEF052DA9CC17003D9EEB /* latest-backup.sh */,
				739FEF082DA9CC17003D9EEB /* open-log.sh */,
				739FEF0D2DA9CC17003D9EEB /* pause-backup.sh */,
				739FEF092DA9CC17003D9EEB /* reset-throttle.sh */,
				739FEF072DA9CC17003D9EEB /* show-status.sh */,
				739FEF102DA9CC18003D9EEB /* skip-backup.sh */,
				739FEF062DA9CC17003D9EEB /* start-backup.sh */,
				739FEF0E2DA9CC17003D9EEB /* stop-backup.sh */,
				739FEEC12DA9462B003D9EEB /* BackupBooster */,
				739FEED82DA9462F003D9EEB /* BackupBoosterTests */,
				739FEEE22DA9462F003D9EEB /* BackupBoosterUITests */,
				739FEEC02DA9462B003D9EEB /* Products */,
			);
			sourceTree = "<group>";
		};
		739FEEC02DA9462B003D9EEB /* Products */ = {
			isa = PBXGroup;
			children = (
				739FEEBF2DA9462B003D9EEB /* BackupBooster.app */,
				739FEED52DA9462F003D9EEB /* BackupBoosterTests.xctest */,
				739FEEDF2DA9462F003D9EEB /* BackupBoosterUITests.xctest */,
			);
			name = Products;
			sourceTree = "<group>";
		};
		739FEEC12DA9462B003D9EEB /* BackupBooster */ = {
			isa = PBXGroup;
			children = (
				739FEF042DA9BC1B003D9EEB /* Info.plist */,
				739FEF002DA960EE003D9EEB /* MainView.swift */,
				739FEEFE2DA95D5D003D9EEB /* SettingsView.swift */,
				739FEEFC2DA954C1003D9EEB /* AppDelegate.swift */,
				739FEEC22DA9462B003D9EEB /* BackupBoosterApp.swift */,
				739FEEF42DA94B86003D9EEB /* config */,
				739FEEF62DA94B86003D9EEB /* LaunchAgent */,
				739FEEF72DA94B86003D9EEB /* Plugins */,
				739FEEF52DA94B86003D9EEB /* Scripts */,
				739FEEC42DA9462B003D9EEB /* ContentView.swift */,
				739FEEC62DA9462E003D9EEB /* Assets.xcassets */,
				739FEECB2DA9462E003D9EEB /* Persistence.swift */,
				739FEED02DA9462E003D9EEB /* BackupBooster.entitlements */,
				739FEECD2DA9462E003D9EEB /* BackupBooster.xcdatamodeld */,
				739FEEC82DA9462E003D9EEB /* Preview Content */,
			);
			path = BackupBooster;
			sourceTree = "<group>";
		};
		739FEEC82DA9462E003D9EEB /* Preview Content */ = {
			isa = PBXGroup;
			children = (
				739FEEC92DA9462E003D9EEB /* Preview Assets.xcassets */,
			);
			path = "Preview Content";
			sourceTree = "<group>";
		};
		739FEED82DA9462F003D9EEB /* BackupBoosterTests */ = {
			isa = PBXGroup;
			children = (
				739FEED92DA9462F003D9EEB /* BackupBoosterTests.swift */,
			);
			path = BackupBoosterTests;
			sourceTree = "<group>";
		};
		739FEEE22DA9462F003D9EEB /* BackupBoosterUITests */ = {
			isa = PBXGroup;
			children = (
				739FEEE32DA9462F003D9EEB /* BackupBoosterUITests.swift */,
				739FEEE52DA9462F003D9EEB /* BackupBoosterUITestsLaunchTests.swift */,
			);
			path = BackupBoosterUITests;
			sourceTree = "<group>";
		};
/* End PBXGroup section */

/* Begin PBXNativeTarget section */
		739FEEBE2DA9462B003D9EEB /* BackupBooster */ = {
			isa = PBXNativeTarget;
			buildConfigurationList = 739FEEE92DA9462F003D9EEB /* Build configuration list for PBXNativeTarget "BackupBooster" */;
			buildPhases = (
				739FEEBB2DA9462B003D9EEB /* Sources */,
				739FEEBC2DA9462B003D9EEB /* Frameworks */,
				739FEEBD2DA9462B003D9EEB /* Resources */,
				739FEF022DA9B9AF003D9EEB /* CopyFiles */,
			);
			buildRules = (
			);
			dependencies = (
			);
			name = BackupBooster;
			productName = "Backup Booster";
			productReference = 739FEEBF2DA9462B003D9EEB /* BackupBooster.app */;
			productType = "com.apple.product-type.application";
		};
		739FEED42DA9462F003D9EEB /* BackupBoosterTests */ = {
			isa = PBXNativeTarget;
			buildConfigurationList = 739FEEEC2DA9462F003D9EEB /* Build configuration list for PBXNativeTarget "BackupBoosterTests" */;
			buildPhases = (
				739FEED12DA9462F003D9EEB /* Sources */,
				739FEED22DA9462F003D9EEB /* Frameworks */,
				739FEED32DA9462F003D9EEB /* Resources */,
			);
			buildRules = (
			);
			dependencies = (
				739FEED72DA9462F003D9EEB /* PBXTargetDependency */,
			);
			name = BackupBoosterTests;
			productName = "Backup BoosterTests";
			productReference = 739FEED52DA9462F003D9EEB /* BackupBoosterTests.xctest */;
			productType = "com.apple.product-type.bundle.unit-test";
		};
		739FEEDE2DA9462F003D9EEB /* BackupBoosterUITests */ = {
			isa = PBXNativeTarget;
			buildConfigurationList = 739FEEEF2DA9462F003D9EEB /* Build configuration list for PBXNativeTarget "BackupBoosterUITests" */;
			buildPhases = (
				739FEEDB2DA9462F003D9EEB /* Sources */,
				739FEEDC2DA9462F003D9EEB /* Frameworks */,
				739FEEDD2DA9462F003D9EEB /* Resources */,
			);
			buildRules = (
			);
			dependencies = (
				739FEEE12DA9462F003D9EEB /* PBXTargetDependency */,
			);
			name = BackupBoosterUITests;
			productName = "Backup BoosterUITests";
			productReference = 739FEEDF2DA9462F003D9EEB /* BackupBoosterUITests.xctest */;
			productType = "com.apple.product-type.bundle.ui-testing";
		};
/* End PBXNativeTarget section */

/* Begin PBXProject section */
		739FEEB72DA9462B003D9EEB /* Project object */ = {
			isa = PBXProject;
			attributes = {
				BuildIndependentTargetsInParallel = 1;
				LastSwiftUpdateCheck = 1420;
				LastUpgradeCheck = 1420;
				TargetAttributes = {
					739FEEBE2DA9462B003D9EEB = {
						CreatedOnToolsVersion = 14.2;
					};
					739FEED42DA9462F003D9EEB = {
						CreatedOnToolsVersion = 14.2;
						TestTargetID = 739FEEBE2DA9462B003D9EEB;
					};
					739FEEDE2DA9462F003D9EEB = {
						CreatedOnToolsVersion = 14.2;
						TestTargetID = 739FEEBE2DA9462B003D9EEB;
					};
				};
			};
			buildConfigurationList = 739FEEBA2DA9462B003D9EEB /* Build configuration list for PBXProject "BackupBooster" */;
			compatibilityVersion = "Xcode 14.0";
			developmentRegion = en;
			hasScannedForEncodings = 0;
			knownRegions = (
				en,
				Base,
			);
			mainGroup = 739FEEB62DA9462B003D9EEB;
			productRefGroup = 739FEEC02DA9462B003D9EEB /* Products */;
			projectDirPath = "";
			projectRoot = "";
			targets = (
				739FEEBE2DA9462B003D9EEB /* BackupBooster */,
				739FEED42DA9462F003D9EEB /* BackupBoosterTests */,
				739FEEDE2DA9462F003D9EEB /* BackupBoosterUITests */,
			);
		};
/* End PBXProject section */

/* Begin PBXResourcesBuildPhase section */
		739FEEBD2DA9462B003D9EEB /* Resources */ = {
			isa = PBXResourcesBuildPhase;
			buildActionMask = 2147483647;
			files = (
				739FEF3D2DA9CF82003D9EEB /* config in Resources */,
				739FEF3E2DA9CF82003D9EEB /* LaunchAgent in Resources */,
				739FEF3F2DA9CF82003D9EEB /* Plugins in Resources */,
				739FEF402DA9CF82003D9EEB /* Scripts in Resources */,
			);
			runOnlyForDeploymentPostprocessing = 0;
		};
		739FEED32DA9462F003D9EEB /* Resources */ = {
			isa = PBXResourcesBuildPhase;
			buildActionMask = 2147483647;
			files = (
			);
			runOnlyForDeploymentPostprocessing = 0;
		};
		739FEEDD2DA9462F003D9EEB /* Resources */ = {
			isa = PBXResourcesBuildPhase;
			buildActionMask = 2147483647;
			files = (
			);
			runOnlyForDeploymentPostprocessing = 0;
		};
/* End PBXResourcesBuildPhase section */

/* Begin PBXSourcesBuildPhase section */
		739FEEBB2DA9462B003D9EEB /* Sources */ = {
			isa = PBXSourcesBuildPhase;
			buildActionMask = 2147483647;
			files = (
				739FEECC2DA9462E003D9EEB /* Persistence.swift in Sources */,
				739FEF012DA960EE003D9EEB /* MainView.swift in Sources */,
				739FEEC52DA9462B003D9EEB /* ContentView.swift in Sources */,
				739FEECF2DA9462E003D9EEB /* BackupBooster.xcdatamodeld in Sources */,
				739FEEFF2DA95D5D003D9EEB /* SettingsView.swift in Sources */,
				739FEEFD2DA954C1003D9EEB /* AppDelegate.swift in Sources */,
				739FEEC32DA9462B003D9EEB /* BackupBoosterApp.swift in Sources */,
			);
			runOnlyForDeploymentPostprocessing = 0;
		};
		739FEED12DA9462F003D9EEB /* Sources */ = {
			isa = PBXSourcesBuildPhase;
			buildActionMask = 2147483647;
			files = (
				739FEEDA2DA9462F003D9EEB /* BackupBoosterTests.swift in Sources */,
			);
			runOnlyForDeploymentPostprocessing = 0;
		};
		739FEEDB2DA9462F003D9EEB /* Sources */ = {
			isa = PBXSourcesBuildPhase;
			buildActionMask = 2147483647;
			files = (
				739FEEE42DA9462F003D9EEB /* BackupBoosterUITests.swift in Sources */,
				739FEEE62DA9462F003D9EEB /* BackupBoosterUITestsLaunchTests.swift in Sources */,
			);
			runOnlyForDeploymentPostprocessing = 0;
		};
/* End PBXSourcesBuildPhase section */

/* Begin PBXTargetDependency section */
		739FEED72DA9462F003D9EEB /* PBXTargetDependency */ = {
			isa = PBXTargetDependency;
			target = 739FEEBE2DA9462B003D9EEB /* BackupBooster */;
			targetProxy = 739FEED62DA9462F003D9EEB /* PBXContainerItemProxy */;
		};
		739FEEE12DA9462F003D9EEB /* PBXTargetDependency */ = {
			isa = PBXTargetDependency;
			target = 739FEEBE2DA9462B003D9EEB /* BackupBooster */;
			targetProxy = 739FEEE02DA9462F003D9EEB /* PBXContainerItemProxy */;
		};
/* End PBXTargetDependency section */

/* Begin XCBuildConfiguration section */
		739FEEE72DA9462F003D9EEB /* Debug */ = {
			isa = XCBuildConfiguration;
			buildSettings = {
				ALWAYS_SEARCH_USER_PATHS = NO;
				CLANG_ANALYZER_NONNULL = YES;
				CLANG_ANALYZER_NUMBER_OBJECT_CONVERSION = YES_AGGRESSIVE;
				CLANG_CXX_LANGUAGE_STANDARD = "gnu++20";
				CLANG_ENABLE_MODULES = YES;
				CLANG_ENABLE_OBJC_ARC = YES;
				CLANG_ENABLE_OBJC_WEAK = YES;
				CLANG_WARN_BLOCK_CAPTURE_AUTORELEASING = YES;
				CLANG_WARN_BOOL_CONVERSION = YES;
				CLANG_WARN_COMMA = YES;
				CLANG_WARN_CONSTANT_CONVERSION = YES;
				CLANG_WARN_DEPRECATED_OBJC_IMPLEMENTATIONS = YES;
				CLANG_WARN_DIRECT_OBJC_ISA_USAGE = YES_ERROR;
				CLANG_WARN_DOCUMENTATION_COMMENTS = YES;
				CLANG_WARN_EMPTY_BODY = YES;
				CLANG_WARN_ENUM_CONVERSION = YES;
				CLANG_WARN_INFINITE_RECURSION = YES;
				CLANG_WARN_INT_CONVERSION = YES;
				CLANG_WARN_NON_LITERAL_NULL_CONVERSION = YES;
				CLANG_WARN_OBJC_IMPLICIT_RETAIN_SELF = YES;
				CLANG_WARN_OBJC_LITERAL_CONVERSION = YES;
				CLANG_WARN_OBJC_ROOT_CLASS = YES_ERROR;
				CLANG_WARN_QUOTED_INCLUDE_IN_FRAMEWORK_HEADER = YES;
				CLANG_WARN_RANGE_LOOP_ANALYSIS = YES;
				CLANG_WARN_STRICT_PROTOTYPES = YES;
				CLANG_WARN_SUSPICIOUS_MOVE = YES;
				CLANG_WARN_UNGUARDED_AVAILABILITY = YES_AGGRESSIVE;
				CLANG_WARN_UNREACHABLE_CODE = YES;
				CLANG_WARN__DUPLICATE_METHOD_MATCH = YES;
				COPY_PHASE_STRIP = NO;
				DEBUG_INFORMATION_FORMAT = dwarf;
				ENABLE_STRICT_OBJC_MSGSEND = YES;
				ENABLE_TESTABILITY = YES;
				GCC_C_LANGUAGE_STANDARD = gnu11;
				GCC_DYNAMIC_NO_PIC = NO;
				GCC_NO_COMMON_BLOCKS = YES;
				GCC_OPTIMIZATION_LEVEL = 0;
				GCC_PREPROCESSOR_DEFINITIONS = (
					"DEBUG=1",
					"$(inherited)",
				);
				GCC_WARN_64_TO_32_BIT_CONVERSION = YES;
				GCC_WARN_ABOUT_RETURN_TYPE = YES_ERROR;
				GCC_WARN_UNDECLARED_SELECTOR = YES;
				GCC_WARN_UNINITIALIZED_AUTOS = YES_AGGRESSIVE;
				GCC_WARN_UNUSED_FUNCTION = YES;
				GCC_WARN_UNUSED_VARIABLE = YES;
				MACOSX_DEPLOYMENT_TARGET = 13.1;
				MTL_ENABLE_DEBUG_INFO = INCLUDE_SOURCE;
				MTL_FAST_MATH = YES;
				ONLY_ACTIVE_ARCH = YES;
				SDKROOT = macosx;
				SWIFT_ACTIVE_COMPILATION_CONDITIONS = DEBUG;
				SWIFT_OPTIMIZATION_LEVEL = "-Onone";
			};
			name = Debug;
		};
		739FEEE82DA9462F003D9EEB /* Release */ = {
			isa = XCBuildConfiguration;
			buildSettings = {
				ALWAYS_SEARCH_USER_PATHS = NO;
				CLANG_ANALYZER_NONNULL = YES;
				CLANG_ANALYZER_NUMBER_OBJECT_CONVERSION = YES_AGGRESSIVE;
				CLANG_CXX_LANGUAGE_STANDARD = "gnu++20";
				CLANG_ENABLE_MODULES = YES;
				CLANG_ENABLE_OBJC_ARC = YES;
				CLANG_ENABLE_OBJC_WEAK = YES;
				CLANG_WARN_BLOCK_CAPTURE_AUTORELEASING = YES;
				CLANG_WARN_BOOL_CONVERSION = YES;
				CLANG_WARN_COMMA = YES;
				CLANG_WARN_CONSTANT_CONVERSION = YES;
				CLANG_WARN_DEPRECATED_OBJC_IMPLEMENTATIONS = YES;
				CLANG_WARN_DIRECT_OBJC_ISA_USAGE = YES_ERROR;
				CLANG_WARN_DOCUMENTATION_COMMENTS = YES;
				CLANG_WARN_EMPTY_BODY = YES;
				CLANG_WARN_ENUM_CONVERSION = YES;
				CLANG_WARN_INFINITE_RECURSION = YES;
				CLANG_WARN_INT_CONVERSION = YES;
				CLANG_WARN_NON_LITERAL_NULL_CONVERSION = YES;
				CLANG_WARN_OBJC_IMPLICIT_RETAIN_SELF = YES;
				CLANG_WARN_OBJC_LITERAL_CONVERSION = YES;
				CLANG_WARN_OBJC_ROOT_CLASS = YES_ERROR;
				CLANG_WARN_QUOTED_INCLUDE_IN_FRAMEWORK_HEADER = YES;
				CLANG_WARN_RANGE_LOOP_ANALYSIS = YES;
				CLANG_WARN_STRICT_PROTOTYPES = YES;
				CLANG_WARN_SUSPICIOUS_MOVE = YES;
				CLANG_WARN_UNGUARDED_AVAILABILITY = YES_AGGRESSIVE;
				CLANG_WARN_UNREACHABLE_CODE = YES;
				CLANG_WARN__DUPLICATE_METHOD_MATCH = YES;
				COPY_PHASE_STRIP = NO;
				DEBUG_INFORMATION_FORMAT = "dwarf-with-dsym";
				ENABLE_NS_ASSERTIONS = NO;
				ENABLE_STRICT_OBJC_MSGSEND = YES;
				GCC_C_LANGUAGE_STANDARD = gnu11;
				GCC_NO_COMMON_BLOCKS = YES;
				GCC_WARN_64_TO_32_BIT_CONVERSION = YES;
				GCC_WARN_ABOUT_RETURN_TYPE = YES_ERROR;
				GCC_WARN_UNDECLARED_SELECTOR = YES;
				GCC_WARN_UNINITIALIZED_AUTOS = YES_AGGRESSIVE;
				GCC_WARN_UNUSED_FUNCTION = YES;
				GCC_WARN_UNUSED_VARIABLE = YES;
				MACOSX_DEPLOYMENT_TARGET = 13.1;
				MTL_ENABLE_DEBUG_INFO = NO;
				MTL_FAST_MATH = YES;
				SDKROOT = macosx;
				SWIFT_COMPILATION_MODE = wholemodule;
				SWIFT_OPTIMIZATION_LEVEL = "-O";
			};
			name = Release;
		};
		739FEEEA2DA9462F003D9EEB /* Debug */ = {
			isa = XCBuildConfiguration;
			buildSettings = {
				ASSETCATALOG_COMPILER_APPICON_NAME = AppIcon;
				ASSETCATALOG_COMPILER_GLOBAL_ACCENT_COLOR_NAME = AccentColor;
				CODE_SIGN_ENTITLEMENTS = BackupBooster/BackupBooster.entitlements;
				"CODE_SIGN_IDENTITY[sdk=macosx*]" = "-";
				CODE_SIGN_STYLE = Automatic;
				COMBINE_HIDPI_IMAGES = YES;
				CURRENT_PROJECT_VERSION = 1;
				DEVELOPMENT_ASSET_PATHS = "\"BackupBooster/Preview Content\"";
				DEVELOPMENT_TEAM = FY2F7KDTVH;
				ENABLE_HARDENED_RUNTIME = YES;
				ENABLE_PREVIEWS = YES;
				GENERATE_INFOPLIST_FILE = YES;
				INFOPLIST_FILE = BackupBooster/Info.plist;
				INFOPLIST_KEY_CFBundleDisplayName = BackupBooster;
				INFOPLIST_KEY_LSApplicationCategoryType = "public.app-category.productivity";
				INFOPLIST_KEY_NSHumanReadableCopyright = "";
				LD_RUNPATH_SEARCH_PATHS = (
					"$(inherited)",
					"@executable_path/../Frameworks",
				);
				MARKETING_VERSION = 1.0;
				PRODUCT_BUNDLE_IDENTIFIER = com.markustratschitt.BackupBooster;
				PRODUCT_NAME = "$(TARGET_NAME)";
				SWIFT_EMIT_LOC_STRINGS = YES;
				SWIFT_VERSION = 5.0;
			};
			name = Debug;
		};
		739FEEEB2DA9462F003D9EEB /* Release */ = {
			isa = XCBuildConfiguration;
			buildSettings = {
				ASSETCATALOG_COMPILER_APPICON_NAME = AppIcon;
				ASSETCATALOG_COMPILER_GLOBAL_ACCENT_COLOR_NAME = AccentColor;
				CODE_SIGN_ENTITLEMENTS = BackupBooster/BackupBooster.entitlements;
				"CODE_SIGN_IDENTITY[sdk=macosx*]" = "-";
				CODE_SIGN_STYLE = Automatic;
				COMBINE_HIDPI_IMAGES = YES;
				CURRENT_PROJECT_VERSION = 1;
				DEVELOPMENT_ASSET_PATHS = "\"BackupBooster/Preview Content\"";
				DEVELOPMENT_TEAM = FY2F7KDTVH;
				ENABLE_HARDENED_RUNTIME = YES;
				ENABLE_PREVIEWS = YES;
				GENERATE_INFOPLIST_FILE = YES;
				INFOPLIST_FILE = BackupBooster/Info.plist;
				INFOPLIST_KEY_CFBundleDisplayName = BackupBooster;
				INFOPLIST_KEY_LSApplicationCategoryType = "public.app-category.productivity";
				INFOPLIST_KEY_NSHumanReadableCopyright = "";
				LD_RUNPATH_SEARCH_PATHS = (
					"$(inherited)",
					"@executable_path/../Frameworks",
				);
				MARKETING_VERSION = 1.0;
				PRODUCT_BUNDLE_IDENTIFIER = com.markustratschitt.BackupBooster;
				PRODUCT_NAME = "$(TARGET_NAME)";
				SWIFT_EMIT_LOC_STRINGS = YES;
				SWIFT_VERSION = 5.0;
			};
			name = Release;
		};
		739FEEED2DA9462F003D9EEB /* Debug */ = {
			isa = XCBuildConfiguration;
			buildSettings = {
				ALWAYS_EMBED_SWIFT_STANDARD_LIBRARIES = YES;
				BUNDLE_LOADER = "$(TEST_HOST)";
				CODE_SIGN_STYLE = Automatic;
				CURRENT_PROJECT_VERSION = 1;
				DEVELOPMENT_TEAM = FY2F7KDTVH;
				GENERATE_INFOPLIST_FILE = YES;
				MACOSX_DEPLOYMENT_TARGET = 13.1;
				MARKETING_VERSION = 1.0;
				PRODUCT_BUNDLE_IDENTIFIER = "de.markustratschitt.Backup-BoosterTests";
				PRODUCT_NAME = "$(TARGET_NAME)";
				SWIFT_EMIT_LOC_STRINGS = NO;
				SWIFT_VERSION = 5.0;
				TEST_HOST = "$(BUILT_PRODUCTS_DIR)/BackupBooster.app/$(BUNDLE_EXECUTABLE_FOLDER_PATH)/BackupBooster";
			};
			name = Debug;
		};
		739FEEEE2DA9462F003D9EEB /* Release */ = {
			isa = XCBuildConfiguration;
			buildSettings = {
				ALWAYS_EMBED_SWIFT_STANDARD_LIBRARIES = YES;
				BUNDLE_LOADER = "$(TEST_HOST)";
				CODE_SIGN_STYLE = Automatic;
				CURRENT_PROJECT_VERSION = 1;
				DEVELOPMENT_TEAM = FY2F7KDTVH;
				GENERATE_INFOPLIST_FILE = YES;
				MACOSX_DEPLOYMENT_TARGET = 13.1;
				MARKETING_VERSION = 1.0;
				PRODUCT_BUNDLE_IDENTIFIER = "de.markustratschitt.Backup-BoosterTests";
				PRODUCT_NAME = "$(TARGET_NAME)";
				SWIFT_EMIT_LOC_STRINGS = NO;
				SWIFT_VERSION = 5.0;
				TEST_HOST = "$(BUILT_PRODUCTS_DIR)/BackupBooster.app/$(BUNDLE_EXECUTABLE_FOLDER_PATH)/BackupBooster";
			};
			name = Release;
		};
		739FEEF02DA9462F003D9EEB /* Debug */ = {
			isa = XCBuildConfiguration;
			buildSettings = {
				ALWAYS_EMBED_SWIFT_STANDARD_LIBRARIES = YES;
				CODE_SIGN_STYLE = Automatic;
				CURRENT_PROJECT_VERSION = 1;
				DEVELOPMENT_TEAM = FY2F7KDTVH;
				GENERATE_INFOPLIST_FILE = YES;
				MARKETING_VERSION = 1.0;
				PRODUCT_BUNDLE_IDENTIFIER = "de.markustratschitt.Backup-BoosterUITests";
				PRODUCT_NAME = "$(TARGET_NAME)";
				SWIFT_EMIT_LOC_STRINGS = NO;
				SWIFT_VERSION = 5.0;
				TEST_TARGET_NAME = "Backup Booster";
			};
			name = Debug;
		};
		739FEEF12DA9462F003D9EEB /* Release */ = {
			isa = XCBuildConfiguration;
			buildSettings = {
				ALWAYS_EMBED_SWIFT_STANDARD_LIBRARIES = YES;
				CODE_SIGN_STYLE = Automatic;
				CURRENT_PROJECT_VERSION = 1;
				DEVELOPMENT_TEAM = FY2F7KDTVH;
				GENERATE_INFOPLIST_FILE = YES;
				MARKETING_VERSION = 1.0;
				PRODUCT_BUNDLE_IDENTIFIER = "de.markustratschitt.Backup-BoosterUITests";
				PRODUCT_NAME = "$(TARGET_NAME)";
				SWIFT_EMIT_LOC_STRINGS = NO;
				SWIFT_VERSION = 5.0;
				TEST_TARGET_NAME = "Backup Booster";
			};
			name = Release;
		};
/* End XCBuildConfiguration section */

/* Begin XCConfigurationList section */
		739FEEBA2DA9462B003D9EEB /* Build configuration list for PBXProject "BackupBooster" */ = {
			isa = XCConfigurationList;
			buildConfigurations = (
				739FEEE72DA9462F003D9EEB /* Debug */,
				739FEEE82DA9462F003D9EEB /* Release */,
			);
			defaultConfigurationIsVisible = 0;
			defaultConfigurationName = Release;
		};
		739FEEE92DA9462F003D9EEB /* Build configuration list for PBXNativeTarget "BackupBooster" */ = {
			isa = XCConfigurationList;
			buildConfigurations = (
				739FEEEA2DA9462F003D9EEB /* Debug */,
				739FEEEB2DA9462F003D9EEB /* Release */,
			);
			defaultConfigurationIsVisible = 0;
			defaultConfigurationName = Release;
		};
		739FEEEC2DA9462F003D9EEB /* Build configuration list for PBXNativeTarget "BackupBoosterTests" */ = {
			isa = XCConfigurationList;
			buildConfigurations = (
				739FEEED2DA9462F003D9EEB /* Debug */,
				739FEEEE2DA9462F003D9EEB /* Release */,
			);
			defaultConfigurationIsVisible = 0;
			defaultConfigurationName = Release;
		};
		739FEEEF2DA9462F003D9EEB /* Build configuration list for PBXNativeTarget "BackupBoosterUITests" */ = {
			isa = XCConfigurationList;
			buildConfigurations = (
				739FEEF02DA9462F003D9EEB /* Debug */,
				739FEEF12DA9462F003D9EEB /* Release */,
			);
			defaultConfigurationIsVisible = 0;
			defaultConfigurationName = Release;
		};
/* End XCConfigurationList section */

/* Begin XCVersionGroup section */
		739FEECD2DA9462E003D9EEB /* BackupBooster.xcdatamodeld */ = {
			isa = XCVersionGroup;
			children = (
				739FEECE2DA9462E003D9EEB /* Backup_Booster.xcdatamodel */,
			);
			currentVersion = 739FEECE2DA9462E003D9EEB /* Backup_Booster.xcdatamodel */;
			path = BackupBooster.xcdatamodeld;
			sourceTree = "<group>";
			versionGroupType = wrapper.xcdatamodel;
		};
/* End XCVersionGroup section */
	};
	rootObject = 739FEEB72DA9462B003D9EEB /* Project object */;
}
